
Microsoft Visual Studio Solution File, Format Version 12.00
# Visual Studio Version 17
VisualStudioVersion = 17.4.33403.182
MinimumVisualStudioVersion = 10.0.40219.1
Project("{FAE04EC0-301F-11D3-BF4B-00C04F79EFBC}") = "MyStack", "MyStack\MyStack.csproj", "{D7697346-DAC1-4244-BA4E-325632BE723B}"
EndProject
Global
	GlobalSection(SolutionConfigurationPlatforms) = preSolution
		Debug|Any CPU = Debug|Any CPU
		Release|Any CPU = Release|Any CPU
	EndGlobalSection
	GlobalSection(ProjectConfigurationPlatforms) = postSolution
		{D7697346-DAC1-4244-BA4E-325632BE723B}.Debug|Any CPU.ActiveCfg = Debug|Any CPU
		{D7697346-DAC1-4244-BA4E-325632BE723B}.Debug|Any CPU.Build.0 = Debug|Any CPU
		{D7697346-DAC1-4244-BA4E-325632BE723B}.Release|Any CPU.ActiveCfg = Release|Any CPU
		{D7697346-DAC1-4244-BA4E-325632BE723B}.Release|Any CPU.Build.0 = Release|Any CPU
	EndGlobalSection
	GlobalSection(SolutionProperties) = preSolution
		HideSolutionNode = FALSE
	EndGlobalSection
	GlobalSection(ExtensibilityGlobals) = postSolution
		SolutionGuid = {FFA81AF1-052B-4786-8FE3-75293827EB2E}
	EndGlobalSection
EndGlobal
