
Microsoft Visual Studio Solution File, Format Version 12.00
# Visual Studio Version 17
VisualStudioVersion = 17.4.33403.182
MinimumVisualStudioVersion = 10.0.40219.1
Project("{FAE04EC0-301F-11D3-BF4B-00C04F79EFBC}") = "MyQueue", "MyQueue\MyQueue.csproj", "{DC1D75B3-C703-4F0C-AE90-091592EE7BD9}"
EndProject
Global
	GlobalSection(SolutionConfigurationPlatforms) = preSolution
		Debug|Any CPU = Debug|Any CPU
		Release|Any CPU = Release|Any CPU
	EndGlobalSection
	GlobalSection(ProjectConfigurationPlatforms) = postSolution
		{DC1D75B3-C703-4F0C-AE90-091592EE7BD9}.Debug|Any CPU.ActiveCfg = Debug|Any CPU
		{DC1D75B3-C703-4F0C-AE90-091592EE7BD9}.Debug|Any CPU.Build.0 = Debug|Any CPU
		{DC1D75B3-C703-4F0C-AE90-091592EE7BD9}.Release|Any CPU.ActiveCfg = Release|Any CPU
		{DC1D75B3-C703-4F0C-AE90-091592EE7BD9}.Release|Any CPU.Build.0 = Release|Any CPU
	EndGlobalSection
	GlobalSection(SolutionProperties) = preSolution
		HideSolutionNode = FALSE
	EndGlobalSection
	GlobalSection(ExtensibilityGlobals) = postSolution
		SolutionGuid = {A48CE9AB-A1FA-4A25-B33D-A2F77B10E879}
	EndGlobalSection
EndGlobal
